
Microsoft Visual Studio Solution File, Format Version 12.00
# Visual Studio Version 17
VisualStudioVersion = 17.0.31903.59
MinimumVisualStudioVersion = 10.0.40219.1
Project("{2150E333-8FDC-42A3-9474-1A3956D46DE8}") = "src", "src", "{827E0CD3-B72D-47B6-A68D-7590B98EB39B}"
EndProject
Project("{FAE04EC0-301F-11D3-BF4B-00C04F79EFBC}") = "CodeTurtleEngine.Cli", "src\CodeTurtleEngine.Cli\CodeTurtleEngine.Cli.csproj", "{73F6D298-3EBD-4ACB-8221-43512391DDC6}"
EndProject
Project("{FAE04EC0-301F-11D3-BF4B-00C04F79EFBC}") = "CodeTurtleEngine.Core", "src\CodeTurtleEngine.Core\CodeTurtleEngine.Core.csproj", "{7129D59A-9A85-4F3F-A44E-7668314B6842}"
EndProject
Project("{FAE04EC0-301F-11D3-BF4B-00C04F79EFBC}") = "CodeTurtleEngine.Gatekeeper", "src\CodeTurtleEngine.Gatekeeper\CodeTurtleEngine.Gatekeeper.csproj", "{836F32F0-5B9C-4381-BD3A-45CBE4C4B18B}"
EndProject
Project("{FAE04EC0-301F-11D3-BF4B-00C04F79EFBC}") = "CodeTurtleEngine.Llm", "src\CodeTurtleEngine.Llm\CodeTurtleEngine.Llm.csproj", "{8A55EA6C-AF26-454C-BACE-D30DD3F38E69}"
EndProject
Project("{FAE04EC0-301F-11D3-BF4B-00C04F79EFBC}") = "CodeTurtleEngine.Council", "src\CodeTurtleEngine.Council\CodeTurtleEngine.Council.csproj", "{8BE88842-157F-4A37-8A32-48704FE6D12E}"
EndProject
Project("{2150E333-8FDC-42A3-9474-1A3956D46DE8}") = "tests", "tests", "{0AB3BF05-4346-4AA6-1389-037BE0695223}"
EndProject
Project("{FAE04EC0-301F-11D3-BF4B-00C04F79EFBC}") = "CodeTurtleEngine.Cli.Tests", "tests\CodeTurtleEngine.Cli.Tests\CodeTurtleEngine.Cli.Tests.csproj", "{321FA1EA-6652-4C31-A8B6-D43ACA50EC79}"
EndProject
Project("{FAE04EC0-301F-11D3-BF4B-00C04F79EFBC}") = "CodeTurtleEngine.Core.Tests", "tests\CodeTurtleEngine.Core.Tests\CodeTurtleEngine.Core.Tests.csproj", "{1808C096-1B73-42DF-8405-845FE96626CC}"
EndProject
Project("{FAE04EC0-301F-11D3-BF4B-00C04F79EFBC}") = "CodeTurtleEngine.Council.Tests", "tests\CodeTurtleEngine.Council.Tests\CodeTurtleEngine.Council.Tests.csproj", "{80475D95-7D6B-4E14-961E-44BB93FF6498}"
EndProject
Project("{FAE04EC0-301F-11D3-BF4B-00C04F79EFBC}") = "CodeTurtleEngine.Gatekeeper.Tests", "tests\CodeTurtleEngine.Gatekeeper.Tests\CodeTurtleEngine.Gatekeeper.Tests.csproj", "{E2D8BD08-2389-4FB2-9310-1762982F3B42}"
EndProject
Project("{FAE04EC0-301F-11D3-BF4B-00C04F79EFBC}") = "CodeTurtleEngine.Integration.Tests", "tests\CodeTurtleEngine.Integration.Tests\CodeTurtleEngine.Integration.Tests.csproj", "{82B10DA0-9F91-40F9-AD8F-FAAC6614E8A7}"
EndProject
Project("{FAE04EC0-301F-11D3-BF4B-00C04F79EFBC}") = "CodeTurtleEngine.Llm.Tests", "tests\CodeTurtleEngine.Llm.Tests\CodeTurtleEngine.Llm.Tests.csproj", "{221D7997-5628-4383-89D0-6FF2B00CE78F}"
EndProject
Project("{FAE04EC0-301F-11D3-BF4B-00C04F79EFBC}") = "CodeTurtleEngine.Web", "src\CodeTurtleEngine.Web\CodeTurtleEngine.Web.csproj", "{D7A6E49B-F1C9-4FED-AD4A-19D5FEA9D11A}"
EndProject
Project("{FAE04EC0-301F-11D3-BF4B-00C04F79EFBC}") = "CodeTurtleEngine.Web.Tests", "tests\CodeTurtleEngine.Web.Tests\CodeTurtleEngine.Web.Tests.csproj", "{B61113FE-DA50-437A-A296-31252AB7DD09}"
EndProject
Global
	GlobalSection(SolutionConfigurationPlatforms) = preSolution
		Debug|Any CPU = Debug|Any CPU
		Debug|x64 = Debug|x64
		Debug|x86 = Debug|x86
		Release|Any CPU = Release|Any CPU
		Release|x64 = Release|x64
		Release|x86 = Release|x86
	EndGlobalSection
	GlobalSection(ProjectConfigurationPlatforms) = postSolution
		{73F6D298-3EBD-4ACB-8221-43512391DDC6}.Debug|Any CPU.ActiveCfg = Debug|Any CPU
		{73F6D298-3EBD-4ACB-8221-43512391DDC6}.Debug|Any CPU.Build.0 = Debug|Any CPU
		{73F6D298-3EBD-4ACB-8221-43512391DDC6}.Debug|x64.ActiveCfg = Debug|Any CPU
		{73F6D298-3EBD-4ACB-8221-43512391DDC6}.Debug|x64.Build.0 = Debug|Any CPU
		{73F6D298-3EBD-4ACB-8221-43512391DDC6}.Debug|x86.ActiveCfg = Debug|Any CPU
		{73F6D298-3EBD-4ACB-8221-43512391DDC6}.Debug|x86.Build.0 = Debug|Any CPU
		{73F6D298-3EBD-4ACB-8221-43512391DDC6}.Release|Any CPU.ActiveCfg = Release|Any CPU
		{73F6D298-3EBD-4ACB-8221-43512391DDC6}.Release|Any CPU.Build.0 = Release|Any CPU
		{73F6D298-3EBD-4ACB-8221-43512391DDC6}.Release|x64.ActiveCfg = Release|Any CPU
		{73F6D298-3EBD-4ACB-8221-43512391DDC6}.Release|x64.Build.0 = Release|Any CPU
		{73F6D298-3EBD-4ACB-8221-43512391DDC6}.Release|x86.ActiveCfg = Release|Any CPU
		{73F6D298-3EBD-4ACB-8221-43512391DDC6}.Release|x86.Build.0 = Release|Any CPU
		{7129D59A-9A85-4F3F-A44E-7668314B6842}.Debug|Any CPU.ActiveCfg = Debug|Any CPU
		{7129D59A-9A85-4F3F-A44E-7668314B6842}.Debug|Any CPU.Build.0 = Debug|Any CPU
		{7129D59A-9A85-4F3F-A44E-7668314B6842}.Debug|x64.ActiveCfg = Debug|Any CPU
		{7129D59A-9A85-4F3F-A44E-7668314B6842}.Debug|x64.Build.0 = Debug|Any CPU
		{7129D59A-9A85-4F3F-A44E-7668314B6842}.Debug|x86.ActiveCfg = Debug|Any CPU
		{7129D59A-9A85-4F3F-A44E-7668314B6842}.Debug|x86.Build.0 = Debug|Any CPU
		{7129D59A-9A85-4F3F-A44E-7668314B6842}.Release|Any CPU.ActiveCfg = Release|Any CPU
		{7129D59A-9A85-4F3F-A44E-7668314B6842}.Release|Any CPU.Build.0 = Release|Any CPU
		{7129D59A-9A85-4F3F-A44E-7668314B6842}.Release|x64.ActiveCfg = Release|Any CPU
		{7129D59A-9A85-4F3F-A44E-7668314B6842}.Release|x64.Build.0 = Release|Any CPU
		{7129D59A-9A85-4F3F-A44E-7668314B6842}.Release|x86.ActiveCfg = Release|Any CPU
		{7129D59A-9A85-4F3F-A44E-7668314B6842}.Release|x86.Build.0 = Release|Any CPU
		{836F32F0-5B9C-4381-BD3A-45CBE4C4B18B}.Debug|Any CPU.ActiveCfg = Debug|Any CPU
		{836F32F0-5B9C-4381-BD3A-45CBE4C4B18B}.Debug|Any CPU.Build.0 = Debug|Any CPU
		{836F32F0-5B9C-4381-BD3A-45CBE4C4B18B}.Debug|x64.ActiveCfg = Debug|Any CPU
		{836F32F0-5B9C-4381-BD3A-45CBE4C4B18B}.Debug|x64.Build.0 = Debug|Any CPU
		{836F32F0-5B9C-4381-BD3A-45CBE4C4B18B}.Debug|x86.ActiveCfg = Debug|Any CPU
		{836F32F0-5B9C-4381-BD3A-45CBE4C4B18B}.Debug|x86.Build.0 = Debug|Any CPU
		{836F32F0-5B9C-4381-BD3A-45CBE4C4B18B}.Release|Any CPU.ActiveCfg = Release|Any CPU
		{836F32F0-5B9C-4381-BD3A-45CBE4C4B18B}.Release|Any CPU.Build.0 = Release|Any CPU
		{836F32F0-5B9C-4381-BD3A-45CBE4C4B18B}.Release|x64.ActiveCfg = Release|Any CPU
		{836F32F0-5B9C-4381-BD3A-45CBE4C4B18B}.Release|x64.Build.0 = Release|Any CPU
		{836F32F0-5B9C-4381-BD3A-45CBE4C4B18B}.Release|x86.ActiveCfg = Release|Any CPU
		{836F32F0-5B9C-4381-BD3A-45CBE4C4B18B}.Release|x86.Build.0 = Release|Any CPU
		{8A55EA6C-AF26-454C-BACE-D30DD3F38E69}.Debug|Any CPU.ActiveCfg = Debug|Any CPU
		{8A55EA6C-AF26-454C-BACE-D30DD3F38E69}.Debug|Any CPU.Build.0 = Debug|Any CPU
		{8A55EA6C-AF26-454C-BACE-D30DD3F38E69}.Debug|x64.ActiveCfg = Debug|Any CPU
		{8A55EA6C-AF26-454C-BACE-D30DD3F38E69}.Debug|x64.Build.0 = Debug|Any CPU
		{8A55EA6C-AF26-454C-BACE-D30DD3F38E69}.Debug|x86.ActiveCfg = Debug|Any CPU
		{8A55EA6C-AF26-454C-BACE-D30DD3F38E69}.Debug|x86.Build.0 = Debug|Any CPU
		{8A55EA6C-AF26-454C-BACE-D30DD3F38E69}.Release|Any CPU.ActiveCfg = Release|Any CPU
		{8A55EA6C-AF26-454C-BACE-D30DD3F38E69}.Release|Any CPU.Build.0 = Release|Any CPU
		{8A55EA6C-AF26-454C-BACE-D30DD3F38E69}.Release|x64.ActiveCfg = Release|Any CPU
		{8A55EA6C-AF26-454C-BACE-D30DD3F38E69}.Release|x64.Build.0 = Release|Any CPU
		{8A55EA6C-AF26-454C-BACE-D30DD3F38E69}.Release|x86.ActiveCfg = Release|Any CPU
		{8A55EA6C-AF26-454C-BACE-D30DD3F38E69}.Release|x86.Build.0 = Release|Any CPU
		{8BE88842-157F-4A37-8A32-48704FE6D12E}.Debug|Any CPU.ActiveCfg = Debug|Any CPU
		{8BE88842-157F-4A37-8A32-48704FE6D12E}.Debug|Any CPU.Build.0 = Debug|Any CPU
		{8BE88842-157F-4A37-8A32-48704FE6D12E}.Debug|x64.ActiveCfg = Debug|Any CPU
		{8BE88842-157F-4A37-8A32-48704FE6D12E}.Debug|x64.Build.0 = Debug|Any CPU
		{8BE88842-157F-4A37-8A32-48704FE6D12E}.Debug|x86.ActiveCfg = Debug|Any CPU
		{8BE88842-157F-4A37-8A32-48704FE6D12E}.Debug|x86.Build.0 = Debug|Any CPU
		{8BE88842-157F-4A37-8A32-48704FE6D12E}.Release|Any CPU.ActiveCfg = Release|Any CPU
		{8BE88842-157F-4A37-8A32-48704FE6D12E}.Release|Any CPU.Build.0 = Release|Any CPU
		{8BE88842-157F-4A37-8A32-48704FE6D12E}.Release|x64.ActiveCfg = Release|Any CPU
		{8BE88842-157F-4A37-8A32-48704FE6D12E}.Release|x64.Build.0 = Release|Any CPU
		{8BE88842-157F-4A37-8A32-48704FE6D12E}.Release|x86.ActiveCfg = Release|Any CPU
		{8BE88842-157F-4A37-8A32-48704FE6D12E}.Release|x86.Build.0 = Release|Any CPU
		{321FA1EA-6652-4C31-A8B6-D43ACA50EC79}.Debug|Any CPU.ActiveCfg = Debug|Any CPU
		{321FA1EA-6652-4C31-A8B6-D43ACA50EC79}.Debug|Any CPU.Build.0 = Debug|Any CPU
		{321FA1EA-6652-4C31-A8B6-D43ACA50EC79}.Debug|x64.ActiveCfg = Debug|Any CPU
		{321FA1EA-6652-4C31-A8B6-D43ACA50EC79}.Debug|x64.Build.0 = Debug|Any CPU
		{321FA1EA-6652-4C31-A8B6-D43ACA50EC79}.Debug|x86.ActiveCfg = Debug|Any CPU
		{321FA1EA-6652-4C31-A8B6-D43ACA50EC79}.Debug|x86.Build.0 = Debug|Any CPU
		{321FA1EA-6652-4C31-A8B6-D43ACA50EC79}.Release|Any CPU.ActiveCfg = Release|Any CPU
		{321FA1EA-6652-4C31-A8B6-D43ACA50EC79}.Release|Any CPU.Build.0 = Release|Any CPU
		{321FA1EA-6652-4C31-A8B6-D43ACA50EC79}.Release|x64.ActiveCfg = Release|Any CPU
		{321FA1EA-6652-4C31-A8B6-D43ACA50EC79}.Release|x64.Build.0 = Release|Any CPU
		{321FA1EA-6652-4C31-A8B6-D43ACA50EC79}.Release|x86.ActiveCfg = Release|Any CPU
		{321FA1EA-6652-4C31-A8B6-D43ACA50EC79}.Release|x86.Build.0 = Release|Any CPU
		{1808C096-1B73-42DF-8405-845FE96626CC}.Debug|Any CPU.ActiveCfg = Debug|Any CPU
		{1808C096-1B73-42DF-8405-845FE96626CC}.Debug|Any CPU.Build.0 = Debug|Any CPU
		{1808C096-1B73-42DF-8405-845FE96626CC}.Debug|x64.ActiveCfg = Debug|Any CPU
		{1808C096-1B73-42DF-8405-845FE96626CC}.Debug|x64.Build.0 = Debug|Any CPU
		{1808C096-1B73-42DF-8405-845FE96626CC}.Debug|x86.ActiveCfg = Debug|Any CPU
		{1808C096-1B73-42DF-8405-845FE96626CC}.Debug|x86.Build.0 = Debug|Any CPU
		{1808C096-1B73-42DF-8405-845FE96626CC}.Release|Any CPU.ActiveCfg = Release|Any CPU
		{1808C096-1B73-42DF-8405-845FE96626CC}.Release|Any CPU.Build.0 = Release|Any CPU
		{1808C096-1B73-42DF-8405-845FE96626CC}.Release|x64.ActiveCfg = Release|Any CPU
		{1808C096-1B73-42DF-8405-845FE96626CC}.Release|x64.Build.0 = Release|Any CPU
		{1808C096-1B73-42DF-8405-845FE96626CC}.Release|x86.ActiveCfg = Release|Any CPU
		{1808C096-1B73-42DF-8405-845FE96626CC}.Release|x86.Build.0 = Release|Any CPU
		{80475D95-7D6B-4E14-961E-44BB93FF6498}.Debug|Any CPU.ActiveCfg = Debug|Any CPU
		{80475D95-7D6B-4E14-961E-44BB93FF6498}.Debug|Any CPU.Build.0 = Debug|Any CPU
		{80475D95-7D6B-4E14-961E-44BB93FF6498}.Debug|x64.ActiveCfg = Debug|Any CPU
		{80475D95-7D6B-4E14-961E-44BB93FF6498}.Debug|x64.Build.0 = Debug|Any CPU
		{80475D95-7D6B-4E14-961E-44BB93FF6498}.Debug|x86.ActiveCfg = Debug|Any CPU
		{80475D95-7D6B-4E14-961E-44BB93FF6498}.Debug|x86.Build.0 = Debug|Any CPU
		{80475D95-7D6B-4E14-961E-44BB93FF6498}.Release|Any CPU.ActiveCfg = Release|Any CPU
		{80475D95-7D6B-4E14-961E-44BB93FF6498}.Release|Any CPU.Build.0 = Release|Any CPU
		{80475D95-7D6B-4E14-961E-44BB93FF6498}.Release|x64.ActiveCfg = Release|Any CPU
		{80475D95-7D6B-4E14-961E-44BB93FF6498}.Release|x64.Build.0 = Release|Any CPU
		{80475D95-7D6B-4E14-961E-44BB93FF6498}.Release|x86.ActiveCfg = Release|Any CPU
		{80475D95-7D6B-4E14-961E-44BB93FF6498}.Release|x86.Build.0 = Release|Any CPU
		{E2D8BD08-2389-4FB2-9310-1762982F3B42}.Debug|Any CPU.ActiveCfg = Debug|Any CPU
		{E2D8BD08-2389-4FB2-9310-1762982F3B42}.Debug|Any CPU.Build.0 = Debug|Any CPU
		{E2D8BD08-2389-4FB2-9310-1762982F3B42}.Debug|x64.ActiveCfg = Debug|Any CPU
		{E2D8BD08-2389-4FB2-9310-1762982F3B42}.Debug|x64.Build.0 = Debug|Any CPU
		{E2D8BD08-2389-4FB2-9310-1762982F3B42}.Debug|x86.ActiveCfg = Debug|Any CPU
		{E2D8BD08-2389-4FB2-9310-1762982F3B42}.Debug|x86.Build.0 = Debug|Any CPU
		{E2D8BD08-2389-4FB2-9310-1762982F3B42}.Release|Any CPU.ActiveCfg = Release|Any CPU
		{E2D8BD08-2389-4FB2-9310-1762982F3B42}.Release|Any CPU.Build.0 = Release|Any CPU
		{E2D8BD08-2389-4FB2-9310-1762982F3B42}.Release|x64.ActiveCfg = Release|Any CPU
		{E2D8BD08-2389-4FB2-9310-1762982F3B42}.Release|x64.Build.0 = Release|Any CPU
		{E2D8BD08-2389-4FB2-9310-1762982F3B42}.Release|x86.ActiveCfg = Release|Any CPU
		{E2D8BD08-2389-4FB2-9310-1762982F3B42}.Release|x86.Build.0 = Release|Any CPU
		{82B10DA0-9F91-40F9-AD8F-FAAC6614E8A7}.Debug|Any CPU.ActiveCfg = Debug|Any CPU
		{82B10DA0-9F91-40F9-AD8F-FAAC6614E8A7}.Debug|Any CPU.Build.0 = Debug|Any CPU
		{82B10DA0-9F91-40F9-AD8F-FAAC6614E8A7}.Debug|x64.ActiveCfg = Debug|Any CPU
		{82B10DA0-9F91-40F9-AD8F-FAAC6614E8A7}.Debug|x64.Build.0 = Debug|Any CPU
		{82B10DA0-9F91-40F9-AD8F-FAAC6614E8A7}.Debug|x86.ActiveCfg = Debug|Any CPU
		{82B10DA0-9F91-40F9-AD8F-FAAC6614E8A7}.Debug|x86.Build.0 = Debug|Any CPU
		{82B10DA0-9F91-40F9-AD8F-FAAC6614E8A7}.Release|Any CPU.ActiveCfg = Release|Any CPU
		{82B10DA0-9F91-40F9-AD8F-FAAC6614E8A7}.Release|Any CPU.Build.0 = Release|Any CPU
		{82B10DA0-9F91-40F9-AD8F-FAAC6614E8A7}.Release|x64.ActiveCfg = Release|Any CPU
		{82B10DA0-9F91-40F9-AD8F-FAAC6614E8A7}.Release|x64.Build.0 = Release|Any CPU
		{82B10DA0-9F91-40F9-AD8F-FAAC6614E8A7}.Release|x86.ActiveCfg = Release|Any CPU
		{82B10DA0-9F91-40F9-AD8F-FAAC6614E8A7}.Release|x86.Build.0 = Release|Any CPU
		{221D7997-5628-4383-89D0-6FF2B00CE78F}.Debug|Any CPU.ActiveCfg = Debug|Any CPU
		{221D7997-5628-4383-89D0-6FF2B00CE78F}.Debug|Any CPU.Build.0 = Debug|Any CPU
		{221D7997-5628-4383-89D0-6FF2B00CE78F}.Debug|x64.ActiveCfg = Debug|Any CPU
		{221D7997-5628-4383-89D0-6FF2B00CE78F}.Debug|x64.Build.0 = Debug|Any CPU
		{221D7997-5628-4383-89D0-6FF2B00CE78F}.Debug|x86.ActiveCfg = Debug|Any CPU
		{221D7997-5628-4383-89D0-6FF2B00CE78F}.Debug|x86.Build.0 = Debug|Any CPU
		{221D7997-5628-4383-89D0-6FF2B00CE78F}.Release|Any CPU.ActiveCfg = Release|Any CPU
		{221D7997-5628-4383-89D0-6FF2B00CE78F}.Release|Any CPU.Build.0 = Release|Any CPU
		{221D7997-5628-4383-89D0-6FF2B00CE78F}.Release|x64.ActiveCfg = Release|Any CPU
		{221D7997-5628-4383-89D0-6FF2B00CE78F}.Release|x64.Build.0 = Release|Any CPU
		{221D7997-5628-4383-89D0-6FF2B00CE78F}.Release|x86.ActiveCfg = Release|Any CPU
		{221D7997-5628-4383-89D0-6FF2B00CE78F}.Release|x86.Build.0 = Release|Any CPU
		{D7A6E49B-F1C9-4FED-AD4A-19D5FEA9D11A}.Debug|Any CPU.ActiveCfg = Debug|Any CPU
		{D7A6E49B-F1C9-4FED-AD4A-19D5FEA9D11A}.Debug|Any CPU.Build.0 = Debug|Any CPU
		{D7A6E49B-F1C9-4FED-AD4A-19D5FEA9D11A}.Debug|x64.ActiveCfg = Debug|Any CPU
		{D7A6E49B-F1C9-4FED-AD4A-19D5FEA9D11A}.Debug|x64.Build.0 = Debug|Any CPU
		{D7A6E49B-F1C9-4FED-AD4A-19D5FEA9D11A}.Debug|x86.ActiveCfg = Debug|Any CPU
		{D7A6E49B-F1C9-4FED-AD4A-19D5FEA9D11A}.Debug|x86.Build.0 = Debug|Any CPU
		{D7A6E49B-F1C9-4FED-AD4A-19D5FEA9D11A}.Release|Any CPU.ActiveCfg = Release|Any CPU
		{D7A6E49B-F1C9-4FED-AD4A-19D5FEA9D11A}.Release|Any CPU.Build.0 = Release|Any CPU
		{D7A6E49B-F1C9-4FED-AD4A-19D5FEA9D11A}.Release|x64.ActiveCfg = Release|Any CPU
		{D7A6E49B-F1C9-4FED-AD4A-19D5FEA9D11A}.Release|x64.Build.0 = Release|Any CPU
		{D7A6E49B-F1C9-4FED-AD4A-19D5FEA9D11A}.Release|x86.ActiveCfg = Release|Any CPU
		{D7A6E49B-F1C9-4FED-AD4A-19D5FEA9D11A}.Release|x86.Build.0 = Release|Any CPU
		{B61113FE-DA50-437A-A296-31252AB7DD09}.Debug|Any CPU.ActiveCfg = Debug|Any CPU
		{B61113FE-DA50-437A-A296-31252AB7DD09}.Debug|Any CPU.Build.0 = Debug|Any CPU
		{B61113FE-DA50-437A-A296-31252AB7DD09}.Debug|x64.ActiveCfg = Debug|Any CPU
		{B61113FE-DA50-437A-A296-31252AB7DD09}.Debug|x64.Build.0 = Debug|Any CPU
		{B61113FE-DA50-437A-A296-31252AB7DD09}.Debug|x86.ActiveCfg = Debug|Any CPU
		{B61113FE-DA50-437A-A296-31252AB7DD09}.Debug|x86.Build.0 = Debug|Any CPU
		{B61113FE-DA50-437A-A296-31252AB7DD09}.Release|Any CPU.ActiveCfg = Release|Any CPU
		{B61113FE-DA50-437A-A296-31252AB7DD09}.Release|Any CPU.Build.0 = Release|Any CPU
		{B61113FE-DA50-437A-A296-31252AB7DD09}.Release|x64.ActiveCfg = Release|Any CPU
		{B61113FE-DA50-437A-A296-31252AB7DD09}.Release|x64.Build.0 = Release|Any CPU
		{B61113FE-DA50-437A-A296-31252AB7DD09}.Release|x86.ActiveCfg = Release|Any CPU
		{B61113FE-DA50-437A-A296-31252AB7DD09}.Release|x86.Build.0 = Release|Any CPU
	EndGlobalSection
	GlobalSection(SolutionProperties) = preSolution
		HideSolutionNode = FALSE
	EndGlobalSection
	GlobalSection(NestedProjects) = preSolution
		{73F6D298-3EBD-4ACB-8221-43512391DDC6} = {827E0CD3-B72D-47B6-A68D-7590B98EB39B}
		{7129D59A-9A85-4F3F-A44E-7668314B6842} = {827E0CD3-B72D-47B6-A68D-7590B98EB39B}
		{836F32F0-5B9C-4381-BD3A-45CBE4C4B18B} = {827E0CD3-B72D-47B6-A68D-7590B98EB39B}
		{8A55EA6C-AF26-454C-BACE-D30DD3F38E69} = {827E0CD3-B72D-47B6-A68D-7590B98EB39B}
		{8BE88842-157F-4A37-8A32-48704FE6D12E} = {827E0CD3-B72D-47B6-A68D-7590B98EB39B}
		{321FA1EA-6652-4C31-A8B6-D43ACA50EC79} = {0AB3BF05-4346-4AA6-1389-037BE0695223}
		{1808C096-1B73-42DF-8405-845FE96626CC} = {0AB3BF05-4346-4AA6-1389-037BE0695223}
		{80475D95-7D6B-4E14-961E-44BB93FF6498} = {0AB3BF05-4346-4AA6-1389-037BE0695223}
		{E2D8BD08-2389-4FB2-9310-1762982F3B42} = {0AB3BF05-4346-4AA6-1389-037BE0695223}
		{82B10DA0-9F91-40F9-AD8F-FAAC6614E8A7} = {0AB3BF05-4346-4AA6-1389-037BE0695223}
		{221D7997-5628-4383-89D0-6FF2B00CE78F} = {0AB3BF05-4346-4AA6-1389-037BE0695223}
		{D7A6E49B-F1C9-4FED-AD4A-19D5FEA9D11A} = {827E0CD3-B72D-47B6-A68D-7590B98EB39B}
		{B61113FE-DA50-437A-A296-31252AB7DD09} = {0AB3BF05-4346-4AA6-1389-037BE0695223}
	EndGlobalSection
EndGlobal
